
Microsoft Visual Studio Solution File, Format Version 12.00
# Visual Studio Version 16
VisualStudioVersion = 16.0.30907.101
MinimumVisualStudioVersion = 10.0.40219.1
Project("{FAE04EC0-301F-11D3-BF4B-00C04F79EFBC}") = "LiveServer", "LiveServer.csproj", "{F5CA6610-344E-4BC5-A255-BF634979CF95}"
EndProject
Global
	GlobalSection(SolutionConfigurationPlatforms) = preSolution
		Debug|Any CPU = Debug|Any CPU
		Release|Any CPU = Release|Any CPU
	EndGlobalSection
	GlobalSection(ProjectConfigurationPlatforms) = postSolution
		{F5CA6610-344E-4BC5-A255-BF634979CF95}.Debug|Any CPU.ActiveCfg = Debug|Any CPU
		{F5CA6610-344E-4BC5-A255-BF634979CF95}.Debug|Any CPU.Build.0 = Debug|Any CPU
		{F5CA6610-344E-4BC5-A255-BF634979CF95}.Release|Any CPU.ActiveCfg = Release|Any CPU
		{F5CA6610-344E-4BC5-A255-BF634979CF95}.Release|Any CPU.Build.0 = Release|Any CPU
	EndGlobalSection
	GlobalSection(SolutionProperties) = preSolution
		HideSolutionNode = FALSE
	EndGlobalSection
	GlobalSection(ExtensibilityGlobals) = postSolution
		SolutionGuid = {130BF10B-3FD6-41E7-9670-85EC2909A6AD}
	EndGlobalSection
EndGlobal
